
Microsoft Visual Studio Solution File, Format Version 12.00
Project("{FAE04EC0-301F-11D3-BF4B-00C04F79EFBC}") = "STAXCRM", "OOPSandbox\STAXCRM.csproj", "{2CE365BB-FE47-4C13-8A8A-D1C33000407A}"
EndProject
Global
	GlobalSection(SolutionConfigurationPlatforms) = preSolution
		Debug|Any CPU = Debug|Any CPU
		Release|Any CPU = Release|Any CPU
	EndGlobalSection
	GlobalSection(ProjectConfigurationPlatforms) = postSolution
		{2CE365BB-FE47-4C13-8A8A-D1C33000407A}.Debug|Any CPU.ActiveCfg = Debug|Any CPU
		{2CE365BB-FE47-4C13-8A8A-D1C33000407A}.Debug|Any CPU.Build.0 = Debug|Any CPU
		{2CE365BB-FE47-4C13-8A8A-D1C33000407A}.Release|Any CPU.ActiveCfg = Release|Any CPU
		{2CE365BB-FE47-4C13-8A8A-D1C33000407A}.Release|Any CPU.Build.0 = Release|Any CPU
	EndGlobalSection
EndGlobal
